
Microsoft Visual Studio Solution File, Format Version 12.00
# Visual Studio Version 17
VisualStudioVersion = 17.1.32328.378
MinimumVisualStudioVersion = 10.0.40219.1
Project("{FAE04EC0-301F-11D3-BF4B-00C04F79EFBC}") = "1.DAL", "1.DAL\1.DAL.csproj", "{B6F852EE-0860-4682-A643-09D5A0205B25}"
EndProject
Project("{FAE04EC0-301F-11D3-BF4B-00C04F79EFBC}") = "2.BUS", "2.BUS\2.BUS.csproj", "{A91532B0-CF52-44BD-BECC-A2A01D8D0252}"
EndProject
Project("{FAE04EC0-301F-11D3-BF4B-00C04F79EFBC}") = "3.GUI", "3.GUI\3.GUI.csproj", "{67D76EFD-3DC5-48D3-A8C4-9247123B4EE7}"
EndProject
Global
	GlobalSection(SolutionConfigurationPlatforms) = preSolution
		Debug|Any CPU = Debug|Any CPU
		Release|Any CPU = Release|Any CPU
	EndGlobalSection
	GlobalSection(ProjectConfigurationPlatforms) = postSolution
		{B6F852EE-0860-4682-A643-09D5A0205B25}.Debug|Any CPU.ActiveCfg = Debug|Any CPU
		{B6F852EE-0860-4682-A643-09D5A0205B25}.Debug|Any CPU.Build.0 = Debug|Any CPU
		{B6F852EE-0860-4682-A643-09D5A0205B25}.Release|Any CPU.ActiveCfg = Release|Any CPU
		{B6F852EE-0860-4682-A643-09D5A0205B25}.Release|Any CPU.Build.0 = Release|Any CPU
		{A91532B0-CF52-44BD-BECC-A2A01D8D0252}.Debug|Any CPU.ActiveCfg = Debug|Any CPU
		{A91532B0-CF52-44BD-BECC-A2A01D8D0252}.Debug|Any CPU.Build.0 = Debug|Any CPU
		{A91532B0-CF52-44BD-BECC-A2A01D8D0252}.Release|Any CPU.ActiveCfg = Release|Any CPU
		{A91532B0-CF52-44BD-BECC-A2A01D8D0252}.Release|Any CPU.Build.0 = Release|Any CPU
		{67D76EFD-3DC5-48D3-A8C4-9247123B4EE7}.Debug|Any CPU.ActiveCfg = Debug|Any CPU
		{67D76EFD-3DC5-48D3-A8C4-9247123B4EE7}.Debug|Any CPU.Build.0 = Debug|Any CPU
		{67D76EFD-3DC5-48D3-A8C4-9247123B4EE7}.Release|Any CPU.ActiveCfg = Release|Any CPU
		{67D76EFD-3DC5-48D3-A8C4-9247123B4EE7}.Release|Any CPU.Build.0 = Release|Any CPU
	EndGlobalSection
	GlobalSection(SolutionProperties) = preSolution
		HideSolutionNode = FALSE
	EndGlobalSection
	GlobalSection(ExtensibilityGlobals) = postSolution
		SolutionGuid = {9E9AEBC4-4BF3-45C0-A3F0-7A684B599B96}
	EndGlobalSection
EndGlobal
